
Microsoft Visual Studio Solution File, Format Version 12.00
# Visual Studio 15
VisualStudioVersion = 15.0.28307.1022
MinimumVisualStudioVersion = 10.0.40219.1
Project("{FAE04EC0-301F-11D3-BF4B-00C04F79EFBC}") = "ECommerceDemo", "ECommerceDemo\ECommerceDemo.csproj", "{810DBFB6-4725-424F-AF99-23EAF3B83883}"
EndProject
Project("{FAE04EC0-301F-11D3-BF4B-00C04F79EFBC}") = "ECommerceDemo.Services", "ECommerceDemo.Services\ECommerceDemo.Services.csproj", "{D1BAA2F8-3CCF-43B0-B0E3-3ECEF6069FC7}"
EndProject
Project("{FAE04EC0-301F-11D3-BF4B-00C04F79EFBC}") = "ECommerceDemo.Entities", "ECommerceDemo.Entities\ECommerceDemo.Entities.csproj", "{208FDFD5-F367-4700-87D5-7A8CAFA98FA2}"
EndProject
Global
	GlobalSection(SolutionConfigurationPlatforms) = preSolution
		Debug|Any CPU = Debug|Any CPU
		Release|Any CPU = Release|Any CPU
	EndGlobalSection
	GlobalSection(ProjectConfigurationPlatforms) = postSolution
		{810DBFB6-4725-424F-AF99-23EAF3B83883}.Debug|Any CPU.ActiveCfg = Debug|Any CPU
		{810DBFB6-4725-424F-AF99-23EAF3B83883}.Debug|Any CPU.Build.0 = Debug|Any CPU
		{810DBFB6-4725-424F-AF99-23EAF3B83883}.Release|Any CPU.ActiveCfg = Release|Any CPU
		{810DBFB6-4725-424F-AF99-23EAF3B83883}.Release|Any CPU.Build.0 = Release|Any CPU
		{D1BAA2F8-3CCF-43B0-B0E3-3ECEF6069FC7}.Debug|Any CPU.ActiveCfg = Debug|Any CPU
		{D1BAA2F8-3CCF-43B0-B0E3-3ECEF6069FC7}.Debug|Any CPU.Build.0 = Debug|Any CPU
		{D1BAA2F8-3CCF-43B0-B0E3-3ECEF6069FC7}.Release|Any CPU.ActiveCfg = Release|Any CPU
		{D1BAA2F8-3CCF-43B0-B0E3-3ECEF6069FC7}.Release|Any CPU.Build.0 = Release|Any CPU
		{208FDFD5-F367-4700-87D5-7A8CAFA98FA2}.Debug|Any CPU.ActiveCfg = Debug|Any CPU
		{208FDFD5-F367-4700-87D5-7A8CAFA98FA2}.Debug|Any CPU.Build.0 = Debug|Any CPU
		{208FDFD5-F367-4700-87D5-7A8CAFA98FA2}.Release|Any CPU.ActiveCfg = Release|Any CPU
		{208FDFD5-F367-4700-87D5-7A8CAFA98FA2}.Release|Any CPU.Build.0 = Release|Any CPU
	EndGlobalSection
	GlobalSection(SolutionProperties) = preSolution
		HideSolutionNode = FALSE
	EndGlobalSection
	GlobalSection(ExtensibilityGlobals) = postSolution
		SolutionGuid = {DE4E7C53-97A4-4F6E-861C-7BE4879D9AEA}
	EndGlobalSection
EndGlobal
